Microsoft Visual Studio Solution File, Format Version 12.00
# Visual Studio 15
VisualStudioVersion = 15.0.27428.2005
MinimumVisualStudioVersion = 10.0.40219.1
Project("{FAE04EC0-301F-11D3-BF4B-00C04F79EFBC}") = "GumpStudioCore", "GumpStudioCore.csproj", "{9FB8BD3E-FD7A-45BB-82B7-2A9039C6E355}"
EndProject
Global
	GlobalSection(SolutionConfigurationPlatforms) = preSolution
		Debug|Any CPU = Debug|Any CPU
		Release|Any CPU = Release|Any CPU
	EndGlobalSection
	GlobalSection(ProjectConfigurationPlatforms) = postSolution
		{9FB8BD3E-FD7A-45BB-82B7-2A9039C6E355}.Debug|Any CPU.ActiveCfg = Debug|Any CPU
		{9FB8BD3E-FD7A-45BB-82B7-2A9039C6E355}.Debug|Any CPU.Build.0 = Debug|Any CPU
		{9FB8BD3E-FD7A-45BB-82B7-2A9039C6E355}.Release|Any CPU.ActiveCfg = Release|Any CPU
		{9FB8BD3E-FD7A-45BB-82B7-2A9039C6E355}.Release|Any CPU.Build.0 = Release|Any CPU
	EndGlobalSection
	GlobalSection(SolutionProperties) = preSolution
		HideSolutionNode = FALSE
	EndGlobalSection
	GlobalSection(ExtensibilityGlobals) = postSolution
		SolutionGuid = {E06BED54-0FB4-4BBB-927F-16719AB26954}
	EndGlobalSection
EndGlobal
